
Microsoft Visual Studio Solution File, Format Version 12.00
# Visual Studio Version 17
VisualStudioVersion = 17.4.32804.182
MinimumVisualStudioVersion = 10.0.40219.1
Project("{FAE04EC0-301F-11D3-BF4B-00C04F79EFBC}") = "_TestSW_2", "_TestSW_2\_TestSW_2.csproj", "{A68C7B2F-9777-4BDD-AD00-34B035C86379}"
EndProject
Global
	GlobalSection(SolutionConfigurationPlatforms) = preSolution
		Debug|Any CPU = Debug|Any CPU
		Release|Any CPU = Release|Any CPU
	EndGlobalSection
	GlobalSection(ProjectConfigurationPlatforms) = postSolution
		{A68C7B2F-9777-4BDD-AD00-34B035C86379}.Debug|Any CPU.ActiveCfg = Debug|Any CPU
		{A68C7B2F-9777-4BDD-AD00-34B035C86379}.Debug|Any CPU.Build.0 = Debug|Any CPU
		{A68C7B2F-9777-4BDD-AD00-34B035C86379}.Release|Any CPU.ActiveCfg = Release|Any CPU
		{A68C7B2F-9777-4BDD-AD00-34B035C86379}.Release|Any CPU.Build.0 = Release|Any CPU
	EndGlobalSection
	GlobalSection(SolutionProperties) = preSolution
		HideSolutionNode = FALSE
	EndGlobalSection
	GlobalSection(ExtensibilityGlobals) = postSolution
		SolutionGuid = {4A38E84F-E203-4104-BBBD-89632656CB42}
	EndGlobalSection
EndGlobal
